github.com/01-edu/z01 v0.1.0 h1:Rr1p92CKYXUgVFw872iGDABXpdkuKf2jmS+KV6r1034=
github.com/01-edu/z01 v0.1.0/go.mod h1:BH7t35JaNFuP83rTJDc5nkSfgmC/HYVcJsUcdFqYZNo=
github.com/atouba/piscine v0.0.0-20240912123319-f8b51fa00b6c h1:F1lV116zB5h0fYYfFCutUzWwRq4NdlM7rWDORCNWqQs=
github.com/atouba/piscine v0.0.0-20240912123319-f8b51fa00b6c/go.mod h1:0RxyDbgi6YrHq3Q5ppgB+4ymFZX2OqEqIGdrJFtL0is=
